[[tools."asdf:postgres"]]
version = "17.6"
backend = "asdf:postgres"

[[tools.node]]
version = "25.1.0"
backend = "core:node"

[[tools."pipx:awscli-local"]]
version = "0.22.2"
backend = "pipx:awscli-local"

[[tools."pipx:mdformat"]]
version = "1.0.0"
backend = "pipx:mdformat"

[[tools."pipx:toml-sort"]]
version = "latest"
backend = "pipx:toml-sort"

[[tools.python]]
version = "3.13.7"
backend = "core:python"
