[[tools."asdf:postgres"]]
version = "18.1"
backend = "asdf:postgres"

[[tools.hadolint]]
version = "2.14.0"
backend = "aqua:hadolint/hadolint"
"platforms.linux-arm64" = { checksum = "sha256:331f1d3511b84a4f1e3d18d52fec284723e4019552f4f47b19322a53ce9a40ed", url = "https://github.com/hadolint/hadolint/releases/download/v2.14.0/hadolint-linux-arm64"}
"platforms.linux-x64" = { checksum = "sha256:6bf226944684f56c84dd014e8b979d27425c0148f61b3bd99bcc6f39e9dc5a47", url = "https://github.com/hadolint/hadolint/releases/download/v2.14.0/hadolint-linux-x86_64"}
"platforms.macos-arm64" = { checksum = "sha256:3625e2e9f43dcfe7bd38738a5f5520ed50ce39ed28485266e6803dd7bc197b10", url = "https://github.com/hadolint/hadolint/releases/download/v2.14.0/hadolint-macos-arm64"}
"platforms.macos-x64" = { checksum = "sha256:2b69a853433f1eca522ffb921cd490bd1321424d03331fd8390f93b7fb4a02e9", url = "https://github.com/hadolint/hadolint/releases/download/v2.14.0/hadolint-macos-x86_64"}
"platforms.windows-x64" = { checksum = "sha256:8e0ee174f88edb14f207a68430c7a53c2883ed509cdbde9a3a26fffa140fa5e4", url = "https://github.com/hadolint/hadolint/releases/download/v2.14.0/hadolint-windows-x86_64.exe"}

[[tools.hk]]
version = "1.20.0"
backend = "aqua:jdx/hk"

[[tools.node]]
version = "25.2.1"
backend = "core:node"
"platforms.linux-arm64" = { checksum = "sha256:905238a17be9ae62c16e596019268d8ca9f0fc3142602a1f860dc4a7c1ddbf82", url = "https://nodejs.org/dist/v25.2.1/node-v25.2.1-linux-arm64.tar.gz"}
"platforms.linux-x64" = { checksum = "sha256:2094ecdc844ea11e9777cac42672b0d89cd63d27204193a587dc5a2d276bb940", url = "https://nodejs.org/dist/v25.2.1/node-v25.2.1-linux-x64.tar.gz"}
"platforms.macos-arm64" = { checksum = "sha256:be87e21bd235a451fad02c89e5bf7cb17e206e4cd89dd5664f20d19e7dfde6f9", url = "https://nodejs.org/dist/v25.2.1/node-v25.2.1-darwin-arm64.tar.gz"}
"platforms.macos-x64" = { checksum = "sha256:c266da5a9075a56e1aa02460ce8df96fca9e796c388abe94a8df4949945df6b6", url = "https://nodejs.org/dist/v25.2.1/node-v25.2.1-darwin-x64.tar.gz"}
"platforms.windows-x64" = { checksum = "sha256:f97ba75ead7720652f3925d9cf8661e083a28c6b98ea77acc83903d77a9dd688", url = "https://nodejs.org/dist/v25.2.1/node-v25.2.1-win-x64.zip"}

[[tools."pipx:awscli-local"]]
version = "0.22.2"
backend = "pipx:awscli-local"

[[tools."pipx:commitizen"]]
version = "4.10.0"
backend = "pipx:commitizen"

[[tools."pipx:mdformat"]]
version = "1.0.0"
backend = "pipx:mdformat"

[[tools."pipx:toml-sort"]]
version = "0.24.3"
backend = "pipx:toml-sort"

[[tools.pkl]]
version = "0.30.0"
backend = "aqua:apple/pkl"
"platforms.macos-arm64" = { checksum = "sha256:923a636f2c858029d9bf93f35aeae58ebd9783fbe0209f4787c4eed950142212", url = "https://github.com/apple/pkl/releases/download/0.30.0/pkl-macos-aarch64"}

[[tools.python]]
version = "3.13.7"
backend = "core:python"
